PODS:
  - HyUIActionEvent (0.1.0):
    - HyUIActionEvent/Core (= 0.1.0)
  - HyUIActionEvent/Core (0.1.0)

DEPENDENCIES:
  - HyUIActionEvent (from `../`)

EXTERNAL SOURCES:
  HyUIActionEvent:
    :path: "../"

SPEC CHECKSUMS:
  HyUIActionEvent: '079145e01cd82319d512a01de4d70937d6d51306'

PODFILE CHECKSUM: be3d47e3053098df4b1a27e7782c04369783ac28

COCOAPODS: 1.2.0
